// !$*UTF8*$!
{
	archiveVersion = 1;
	classes = {
	};
	objectVersion = 50;
	objects = {

/* Begin PBXBuildFile section */
		572E05BA2207A95800A14F47 /* AppDelegate.swift in Sources */ = {isa = PBXBuildFile; fileRef = 572E05B92207A95800A14F47 /* AppDelegate.swift */; };
		572E05C12207A95A00A14F47 /* Assets.xcassets in Resources */ = {isa = PBXBuildFile; fileRef = 572E05C02207A95A00A14F47 /* Assets.xcassets */; };
		572E05C42207A95A00A14F47 /* LaunchScreen.storyboard in Resources */ = {isa = PBXBuildFile; fileRef = 572E05C22207A95A00A14F47 /* LaunchScreen.storyboard */; };
		572E05CC2207B4C500A14F47 /* ScrollingTabController.swift in Sources */ = {isa = PBXBuildFile; fileRef = 572E05CB2207B4C500A14F47 /* ScrollingTabController.swift */; };
		572E05CE2207B4FE00A14F47 /* CameraFeedController.swift in Sources */ = {isa = PBXBuildFile; fileRef = 572E05CD2207B4FE00A14F47 /* CameraFeedController.swift */; };
		572E05D62208475D00A14F47 /* Icon.swift in Sources */ = {isa = PBXBuildFile; fileRef = 572E05D52208475D00A14F47 /* Icon.swift */; };
		572E05D82208B5C100A14F47 /* CameraFeedViewController.swift in Sources */ = {isa = PBXBuildFile; fileRef = 572E05D72208B5C100A14F47 /* CameraFeedViewController.swift */; };
		572E05DA2208B64600A14F47 /* UIViewController+Containment.swift in Sources */ = {isa = PBXBuildFile; fileRef = 572E05D92208B64600A14F47 /* UIViewController+Containment.swift */; };
		572E05E02208BAC800A14F47 /* CustomAlertController.swift in Sources */ = {isa = PBXBuildFile; fileRef = 572E05DF2208BAC800A14F47 /* CustomAlertController.swift */; };
		572E05E42208C89A00A14F47 /* TabItem.swift in Sources */ = {isa = PBXBuildFile; fileRef = 572E05E32208C89A00A14F47 /* TabItem.swift */; };
		572E05E62208CD0D00A14F47 /* TabItemCell.swift in Sources */ = {isa = PBXBuildFile; fileRef = 572E05E52208CD0D00A14F47 /* TabItemCell.swift */; };
		572E05E82208CF0E00A14F47 /* UIView+Layout.swift in Sources */ = {isa = PBXBuildFile; fileRef = 572E05E72208CF0E00A14F47 /* UIView+Layout.swift */; };
		572E05EA2208E80D00A14F47 /* CameraFeedView.swift in Sources */ = {isa = PBXBuildFile; fileRef = 572E05E92208E80D00A14F47 /* CameraFeedView.swift */; };
		572E05EC2208FC2100A14F47 /* TabItemController.swift in Sources */ = {isa = PBXBuildFile; fileRef = 572E05EB2208FC2100A14F47 /* TabItemController.swift */; };
/* End PBXBuildFile section */

/* Begin PBXFileReference section */
		572E05B62207A95800A14F47 /* Mediate.app */ = {isa = PBXFileReference; explicitFileType = wrapper.application; includeInIndex = 0; path = Mediate.app; sourceTree = BUILT_PRODUCTS_DIR; };
		572E05B92207A95800A14F47 /* AppDelegate.swift */ = {isa = PBXFileReference; lastKnownFileType = sourcecode.swift; path = AppDelegate.swift; sourceTree = "<group>"; };
		572E05C02207A95A00A14F47 /* Assets.xcassets */ = {isa = PBXFileReference; lastKnownFileType = folder.assetcatalog; path = Assets.xcassets; sourceTree = "<group>"; };
		572E05C32207A95A00A14F47 /* Base */ = {isa = PBXFileReference; lastKnownFileType = file.storyboard; name = Base; path = Base.lproj/LaunchScreen.storyboard; sourceTree = "<group>"; };
		572E05C52207A95A00A14F47 /* Info.plist */ = {isa = PBXFileReference; lastKnownFileType = text.plist.xml; path = Info.plist; sourceTree = "<group>"; };
		572E05CB2207B4C500A14F47 /* ScrollingTabController.swift */ = {isa = PBXFileReference; lastKnownFileType = sourcecode.swift; path = ScrollingTabController.swift; sourceTree = "<group>"; };
		572E05CD2207B4FE00A14F47 /* CameraFeedController.swift */ = {isa = PBXFileReference; lastKnownFileType = sourcecode.swift; path = CameraFeedController.swift; sourceTree = "<group>"; };
		572E05D52208475D00A14F47 /* Icon.swift */ = {isa = PBXFileReference; lastKnownFileType = sourcecode.swift; path = Icon.swift; sourceTree = "<group>"; };
		572E05D72208B5C100A14F47 /* CameraFeedViewController.swift */ = {isa = PBXFileReference; lastKnownFileType = sourcecode.swift; path = CameraFeedViewController.swift; sourceTree = "<group>"; };
		572E05D92208B64600A14F47 /* UIViewController+Containment.swift */ = {isa = PBXFileReference; lastKnownFileType = sourcecode.swift; path = "UIViewController+Containment.swift"; sourceTree = "<group>"; };
		572E05DF2208BAC800A14F47 /* CustomAlertController.swift */ = {isa = PBXFileReference; lastKnownFileType = sourcecode.swift; path = CustomAlertController.swift; sourceTree = "<group>"; };
		572E05E32208C89A00A14F47 /* TabItem.swift */ = {isa = PBXFileReference; lastKnownFileType = sourcecode.swift; path = TabItem.swift; sourceTree = "<group>"; };
		572E05E52208CD0D00A14F47 /* TabItemCell.swift */ = {isa = PBXFileReference; lastKnownFileType = sourcecode.swift; path = TabItemCell.swift; sourceTree = "<group>"; };
		572E05E72208CF0E00A14F47 /* UIView+Layout.swift */ = {isa = PBXFileReference; lastKnownFileType = sourcecode.swift; path = "UIView+Layout.swift"; sourceTree = "<group>"; };
		572E05E92208E80D00A14F47 /* CameraFeedView.swift */ = {isa = PBXFileReference; lastKnownFileType = sourcecode.swift; path = CameraFeedView.swift; sourceTree = "<group>"; };
		572E05EB2208FC2100A14F47 /* TabItemController.swift */ = {isa = PBXFileReference; lastKnownFileType = sourcecode.swift; path = TabItemController.swift; sourceTree = "<group>"; };
/* End PBXFileReference section */

/* Begin PBXFrameworksBuildPhase section */
		572E05B32207A95800A14F47 /* Frameworks */ = {
			isa = PBXFrameworksBuildPhase;
			buildActionMask = 2147483647;
			files = (
			);
			runOnlyForDeploymentPostprocessing = 0;
		};
/* End PBXFrameworksBuildPhase section */

/* Begin PBXGroup section */
		572E05AD2207A95800A14F47 = {
			isa = PBXGroup;
			children = (
				572E05B82207A95800A14F47 /* Mediate */,
				572E05B72207A95800A14F47 /* Products */,
			);
			indentWidth = 2;
			sourceTree = "<group>";
			tabWidth = 2;
		};
		572E05B72207A95800A14F47 /* Products */ = {
			isa = PBXGroup;
			children = (
				572E05B62207A95800A14F47 /* Mediate.app */,
			);
			name = Products;
			sourceTree = "<group>";
		};
		572E05B82207A95800A14F47 /* Mediate */ = {
			isa = PBXGroup;
			children = (
				572E05D02207B53100A14F47 /* Sources */,
				572E05CF2207B52300A14F47 /* Resources */,
			);
			path = Mediate;
			sourceTree = "<group>";
		};
		572E05CF2207B52300A14F47 /* Resources */ = {
			isa = PBXGroup;
			children = (
				572E05C02207A95A00A14F47 /* Assets.xcassets */,
				572E05C22207A95A00A14F47 /* LaunchScreen.storyboard */,
				572E05C52207A95A00A14F47 /* Info.plist */,
			);
			path = Resources;
			sourceTree = "<group>";
		};
		572E05D02207B53100A14F47 /* Sources */ = {
			isa = PBXGroup;
			children = (
				572E05E22208C6C800A14F47 /* ScrollingTab */,
				572E05E12208BAF000A14F47 /* CameraFeed */,
				572E05B92207A95800A14F47 /* AppDelegate.swift */,
				572E05D52208475D00A14F47 /* Icon.swift */,
				572E05D92208B64600A14F47 /* UIViewController+Containment.swift */,
				572E05E72208CF0E00A14F47 /* UIView+Layout.swift */,
			);
			path = Sources;
			sourceTree = "<group>";
		};
		572E05E12208BAF000A14F47 /* CameraFeed */ = {
			isa = PBXGroup;
			children = (
				572E05D72208B5C100A14F47 /* CameraFeedViewController.swift */,
				572E05CD2207B4FE00A14F47 /* CameraFeedController.swift */,
				572E05DF2208BAC800A14F47 /* CustomAlertController.swift */,
				572E05E92208E80D00A14F47 /* CameraFeedView.swift */,
			);
			path = CameraFeed;
			sourceTree = "<group>";
		};
		572E05E22208C6C800A14F47 /* ScrollingTab */ = {
			isa = PBXGroup;
			children = (
				572E05CB2207B4C500A14F47 /* ScrollingTabController.swift */,
				572E05E32208C89A00A14F47 /* TabItem.swift */,
				572E05E52208CD0D00A14F47 /* TabItemCell.swift */,
				572E05EB2208FC2100A14F47 /* TabItemController.swift */,
			);
			path = ScrollingTab;
			sourceTree = "<group>";
		};
/* End PBXGroup section */

/* Begin PBXNativeTarget section */
		572E05B52207A95800A14F47 /* Mediate */ = {
			isa = PBXNativeTarget;
			buildConfigurationList = 572E05C82207A95A00A14F47 /* Build configuration list for PBXNativeTarget "Mediate" */;
			buildPhases = (
				572E05B22207A95800A14F47 /* Sources */,
				572E05B32207A95800A14F47 /* Frameworks */,
				572E05B42207A95800A14F47 /* Resources */,
			);
			buildRules = (
			);
			dependencies = (
			);
			name = Mediate;
			productName = Mediate;
			productReference = 572E05B62207A95800A14F47 /* Mediate.app */;
			productType = "com.apple.product-type.application";
		};
/* End PBXNativeTarget section */

/* Begin PBXProject section */
		572E05AE2207A95800A14F47 /* Project object */ = {
			isa = PBXProject;
			attributes = {
				LastSwiftUpdateCheck = 1010;
				LastUpgradeCheck = 1010;
				ORGANIZATIONNAME = "Ahmet Karalar";
				TargetAttributes = {
					572E05B52207A95800A14F47 = {
						CreatedOnToolsVersion = 10.1;
					};
				};
			};
			buildConfigurationList = 572E05B12207A95800A14F47 /* Build configuration list for PBXProject "Mediate" */;
			compatibilityVersion = "Xcode 9.3";
			developmentRegion = en;
			hasScannedForEncodings = 0;
			knownRegions = (
				en,
				Base,
			);
			mainGroup = 572E05AD2207A95800A14F47;
			productRefGroup = 572E05B72207A95800A14F47 /* Products */;
			projectDirPath = "";
			projectRoot = "";
			targets = (
				572E05B52207A95800A14F47 /* Mediate */,
			);
		};
/* End PBXProject section */

/* Begin PBXResourcesBuildPhase section */
		572E05B42207A95800A14F47 /* Resources */ = {
			isa = PBXResourcesBuildPhase;
			buildActionMask = 2147483647;
			files = (
				572E05C42207A95A00A14F47 /* LaunchScreen.storyboard in Resources */,
				572E05C12207A95A00A14F47 /* Assets.xcassets in Resources */,
			);
			runOnlyForDeploymentPostprocessing = 0;
		};
/* End PBXResourcesBuildPhase section */

/* Begin PBXSourcesBuildPhase section */
		572E05B22207A95800A14F47 /* Sources */ = {
			isa = PBXSourcesBuildPhase;
			buildActionMask = 2147483647;
			files = (
				572E05EC2208FC2100A14F47 /* TabItemController.swift in Sources */,
				572E05BA2207A95800A14F47 /* AppDelegate.swift in Sources */,
				572E05CE2207B4FE00A14F47 /* CameraFeedController.swift in Sources */,
				572E05E02208BAC800A14F47 /* CustomAlertController.swift in Sources */,
				572E05D62208475D00A14F47 /* Icon.swift in Sources */,
				572E05E82208CF0E00A14F47 /* UIView+Layout.swift in Sources */,
				572E05DA2208B64600A14F47 /* UIViewController+Containment.swift in Sources */,
				572E05D82208B5C100A14F47 /* CameraFeedViewController.swift in Sources */,
				572E05EA2208E80D00A14F47 /* CameraFeedView.swift in Sources */,
				572E05E42208C89A00A14F47 /* TabItem.swift in Sources */,
				572E05E62208CD0D00A14F47 /* TabItemCell.swift in Sources */,
				572E05CC2207B4C500A14F47 /* ScrollingTabController.swift in Sources */,
			);
			runOnlyForDeploymentPostprocessing = 0;
		};
/* End PBXSourcesBuildPhase section */

/* Begin PBXVariantGroup section */
		572E05C22207A95A00A14F47 /* LaunchScreen.storyboard */ = {
			isa = PBXVariantGroup;
			children = (
				572E05C32207A95A00A14F47 /* Base */,
			);
			name = LaunchScreen.storyboard;
			sourceTree = "<group>";
		};
/* End PBXVariantGroup section */

/* Begin XCBuildConfiguration section */
		572E05C62207A95A00A14F47 /* Debug */ = {
			isa = XCBuildConfiguration;
			buildSettings = {
				ALWAYS_SEARCH_USER_PATHS = NO;
				CLANG_ANALYZER_NONNULL = YES;
				CLANG_ANALYZER_NUMBER_OBJECT_CONVERSION = YES_AGGRESSIVE;
				CLANG_CXX_LANGUAGE_STANDARD = "gnu++14";
				CLANG_CXX_LIBRARY = "libc++";
				CLANG_ENABLE_MODULES = YES;
				CLANG_ENABLE_OBJC_ARC = YES;
				CLANG_ENABLE_OBJC_WEAK = YES;
				CLANG_WARN_BLOCK_CAPTURE_AUTORELEASING = YES;
				CLANG_WARN_BOOL_CONVERSION = YES;
				CLANG_WARN_COMMA = YES;
				CLANG_WARN_CONSTANT_CONVERSION = YES;
				CLANG_WARN_DEPRECATED_OBJC_IMPLEMENTATIONS = YES;
				CLANG_WARN_DIRECT_OBJC_ISA_USAGE = YES_ERROR;
				CLANG_WARN_DOCUMENTATION_COMMENTS = YES;
				CLANG_WARN_EMPTY_BODY = YES;
				CLANG_WARN_ENUM_CONVERSION = YES;
				CLANG_WARN_INFINITE_RECURSION = YES;
				CLANG_WARN_INT_CONVERSION = YES;
				CLANG_WARN_NON_LITERAL_NULL_CONVERSION = YES;
				CLANG_WARN_OBJC_IMPLICIT_RETAIN_SELF = YES;
				CLANG_WARN_OBJC_LITERAL_CONVERSION = YES;
				CLANG_WARN_OBJC_ROOT_CLASS = YES_ERROR;
				CLANG_WARN_RANGE_LOOP_ANALYSIS = YES;
				CLANG_WARN_STRICT_PROTOTYPES = YES;
				CLANG_WARN_SUSPICIOUS_MOVE = YES;
				CLANG_WARN_UNGUARDED_AVAILABILITY = YES_AGGRESSIVE;
				CLANG_WARN_UNREACHABLE_CODE = YES;
				CLANG_WARN__DUPLICATE_METHOD_MATCH = YES;
				CODE_SIGN_IDENTITY = "iPhone Developer";
				COPY_PHASE_STRIP = NO;
				DEBUG_INFORMATION_FORMAT = dwarf;
				ENABLE_STRICT_OBJC_MSGSEND = YES;
				ENABLE_TESTABILITY = YES;
				GCC_C_LANGUAGE_STANDARD = gnu11;
				GCC_DYNAMIC_NO_PIC = NO;
				GCC_NO_COMMON_BLOCKS = YES;
				GCC_OPTIMIZATION_LEVEL = 0;
				GCC_PREPROCESSOR_DEFINITIONS = (
					"DEBUG=1",
					"$(inherited)",
				);
				GCC_WARN_64_TO_32_BIT_CONVERSION = YES;
				GCC_WARN_ABOUT_RETURN_TYPE = YES_ERROR;
				GCC_WARN_UNDECLARED_SELECTOR = YES;
				GCC_WARN_UNINITIALIZED_AUTOS = YES_AGGRESSIVE;
				GCC_WARN_UNUSED_FUNCTION = YES;
				GCC_WARN_UNUSED_VARIABLE = YES;
				IPHONEOS_DEPLOYMENT_TARGET = 12.1;
				MTL_ENABLE_DEBUG_INFO = INCLUDE_SOURCE;
				MTL_FAST_MATH = YES;
				ONLY_ACTIVE_ARCH = YES;
				SDKROOT = iphoneos;
				SWIFT_ACTIVE_COMPILATION_CONDITIONS = DEBUG;
				SWIFT_OPTIMIZATION_LEVEL = "-Onone";
			};
			name = Debug;
		};
		572E05C72207A95A00A14F47 /* Release */ = {
			isa = XCBuildConfiguration;
			buildSettings = {
				ALWAYS_SEARCH_USER_PATHS = NO;
				CLANG_ANALYZER_NONNULL = YES;
				CLANG_ANALYZER_NUMBER_OBJECT_CONVERSION = YES_AGGRESSIVE;
				CLANG_CXX_LANGUAGE_STANDARD = "gnu++14";
				CLANG_CXX_LIBRARY = "libc++";
				CLANG_ENABLE_MODULES = YES;
				CLANG_ENABLE_OBJC_ARC = YES;
				CLANG_ENABLE_OBJC_WEAK = YES;
				CLANG_WARN_BLOCK_CAPTURE_AUTORELEASING = YES;
				CLANG_WARN_BOOL_CONVERSION = YES;
				CLANG_WARN_COMMA = YES;
				CLANG_WARN_CONSTANT_CONVERSION = YES;
				CLANG_WARN_DEPRECATED_OBJC_IMPLEMENTATIONS = YES;
				CLANG_WARN_DIRECT_OBJC_ISA_USAGE = YES_ERROR;
				CLANG_WARN_DOCUMENTATION_COMMENTS = YES;
				CLANG_WARN_EMPTY_BODY = YES;
				CLANG_WARN_ENUM_CONVERSION = YES;
				CLANG_WARN_INFINITE_RECURSION = YES;
				CLANG_WARN_INT_CONVERSION = YES;
				CLANG_WARN_NON_LITERAL_NULL_CONVERSION = YES;
				CLANG_WARN_OBJC_IMPLICIT_RETAIN_SELF = YES;
				CLANG_WARN_OBJC_LITERAL_CONVERSION = YES;
				CLANG_WARN_OBJC_ROOT_CLASS = YES_ERROR;
				CLANG_WARN_RANGE_LOOP_ANALYSIS = YES;
				CLANG_WARN_STRICT_PROTOTYPES = YES;
				CLANG_WARN_SUSPICIOUS_MOVE = YES;
				CLANG_WARN_UNGUARDED_AVAILABILITY = YES_AGGRESSIVE;
				CLANG_WARN_UNREACHABLE_CODE = YES;
				CLANG_WARN__DUPLICATE_METHOD_MATCH = YES;
				CODE_SIGN_IDENTITY = "iPhone Developer";
				COPY_PHASE_STRIP = NO;
				DEBUG_INFORMATION_FORMAT = "dwarf-with-dsym";
				ENABLE_NS_ASSERTIONS = NO;
				ENABLE_STRICT_OBJC_MSGSEND = YES;
				GCC_C_LANGUAGE_STANDARD = gnu11;
				GCC_NO_COMMON_BLOCKS = YES;
				GCC_WARN_64_TO_32_BIT_CONVERSION = YES;
				GCC_WARN_ABOUT_RETURN_TYPE = YES_ERROR;
				GCC_WARN_UNDECLARED_SELECTOR = YES;
				GCC_WARN_UNINITIALIZED_AUTOS = YES_AGGRESSIVE;
				GCC_WARN_UNUSED_FUNCTION = YES;
				GCC_WARN_UNUSED_VARIABLE = YES;
				IPHONEOS_DEPLOYMENT_TARGET = 12.1;
				MTL_ENABLE_DEBUG_INFO = NO;
				MTL_FAST_MATH = YES;
				SDKROOT = iphoneos;
				SWIFT_COMPILATION_MODE = wholemodule;
				SWIFT_OPTIMIZATION_LEVEL = "-O";
				VALIDATE_PRODUCT = YES;
			};
			name = Release;
		};
		572E05C92207A95A00A14F47 /* Debug */ = {
			isa = XCBuildConfiguration;
			buildSettings = {
				ASSETCATALOG_COMPILER_APPICON_NAME = AppIcon;
				CODE_SIGN_STYLE = Automatic;
				DEVELOPMENT_TEAM = 4ZYHKZZ358;
				INFOPLIST_FILE = Mediate/Resources/Info.plist;
				LD_RUNPATH_SEARCH_PATHS = (
					"$(inherited)",
					"@executable_path/Frameworks",
				);
				PRODUCT_BUNDLE_IDENTIFIER = com.akaralar.Mediate;
				PRODUCT_NAME = "$(TARGET_NAME)";
				SWIFT_VERSION = 4.2;
				TARGETED_DEVICE_FAMILY = "1,2";
			};
			name = Debug;
		};
		572E05CA2207A95A00A14F47 /* Release */ = {
			isa = XCBuildConfiguration;
			buildSettings = {
				ASSETCATALOG_COMPILER_APPICON_NAME = AppIcon;
				CODE_SIGN_STYLE = Automatic;
				DEVELOPMENT_TEAM = 4ZYHKZZ358;
				INFOPLIST_FILE = Mediate/Resources/Info.plist;
				LD_RUNPATH_SEARCH_PATHS = (
					"$(inherited)",
					"@executable_path/Frameworks",
				);
				PRODUCT_BUNDLE_IDENTIFIER = com.akaralar.Mediate;
				PRODUCT_NAME = "$(TARGET_NAME)";
				SWIFT_VERSION = 4.2;
				TARGETED_DEVICE_FAMILY = "1,2";
			};
			name = Release;
		};
/* End XCBuildConfiguration section */

/* Begin XCConfigurationList section */
		572E05B12207A95800A14F47 /* Build configuration list for PBXProject "Mediate" */ = {
			isa = XCConfigurationList;
			buildConfigurations = (
				572E05C62207A95A00A14F47 /* Debug */,
				572E05C72207A95A00A14F47 /* Release */,
			);
			defaultConfigurationIsVisible = 0;
			defaultConfigurationName = Release;
		};
		572E05C82207A95A00A14F47 /* Build configuration list for PBXNativeTarget "Mediate" */ = {
			isa = XCConfigurationList;
			buildConfigurations = (
				572E05C92207A95A00A14F47 /* Debug */,
				572E05CA2207A95A00A14F47 /* Release */,
			);
			defaultConfigurationIsVisible = 0;
			defaultConfigurationName = Release;
		};
/* End XCConfigurationList section */
	};
	rootObject = 572E05AE2207A95800A14F47 /* Project object */;
}
